// !$*UTF8*$!
{
	archiveVersion = 1;
	classes = {
	};
	objectVersion = 46;
	objects = {

/* Begin PBXBuildFile section */
		63ED11B51CF206CA00E77096 /* AppDelegate.swift in Sources */ = {isa = PBXBuildFile; fileRef = 63ED11B41CF206CA00E77096 /* AppDelegate.swift */; };
		63ED11B71CF206CA00E77096 /* ViewController.swift in Sources */ = {isa = PBXBuildFile; fileRef = 63ED11B61CF206CA00E77096 /* ViewController.swift */; };
		63ED11BA1CF206CA00E77096 /* Main.storyboard in Resources */ = {isa = PBXBuildFile; fileRef = 63ED11B81CF206CA00E77096 /* Main.storyboard */; };
		63ED11BC1CF206CA00E77096 /* Assets.xcassets in Resources */ = {isa = PBXBuildFile; fileRef = 63ED11BB1CF206CA00E77096 /* Assets.xcassets */; };
		63ED11BF1CF206CA00E77096 /* LaunchScreen.storyboard in Resources */ = {isa = PBXBuildFile; fileRef = 63ED11BD1CF206CA00E77096 /* LaunchScreen.storyboard */; };
/* End PBXBuildFile section */

/* Begin PBXFileReference section */
		63ED11B11CF206CA00E77096 /* WorldTrotter.app */ = {isa = PBXFileReference; explicitFileType = wrapper.application; includeInIndex = 0; path = WorldTrotter.app; sourceTree = BUILT_PRODUCTS_DIR; };
		63ED11B41CF206CA00E77096 /* AppDelegate.swift */ = {isa = PBXFileReference; lastKnownFileType = sourcecode.swift; path = AppDelegate.swift; sourceTree = "<group>"; };
		63ED11B61CF206CA00E77096 /* ViewController.swift */ = {isa = PBXFileReference; lastKnownFileType = sourcecode.swift; path = ViewController.swift; sourceTree = "<group>"; };
		63ED11B91CF206CA00E77096 /* Base */ = {isa = PBXFileReference; lastKnownFileType = file.storyboard; name = Base; path = Base.lproj/Main.storyboard; sourceTree = "<group>"; };
		63ED11BB1CF206CA00E77096 /* Assets.xcassets */ = {isa = PBXFileReference; lastKnownFileType = folder.assetcatalog; path = Assets.xcassets; sourceTree = "<group>"; };
		63ED11BE1CF206CA00E77096 /* Base */ = {isa = PBXFileReference; lastKnownFileType = file.storyboard; name = Base; path = Base.lproj/LaunchScreen.storyboard; sourceTree = "<group>"; };
		63ED11C01CF206CA00E77096 /* Info.plist */ = {isa = PBXFileReference; lastKnownFileType = text.plist.xml; path = Info.plist; sourceTree = "<group>"; };
/* End PBXFileReference section */

/* Begin PBXFrameworksBuildPhase section */
		63ED11AE1CF206CA00E77096 /* Frameworks */ = {
			isa = PBXFrameworksBuildPhase;
			buildActionMask = 2147483647;
			files = (
			);
			runOnlyForDeploymentPostprocessing = 0;
		};
/* End PBXFrameworksBuildPhase section */

/* Begin PBXGroup section */
		63ED11A81CF206CA00E77096 = {
			isa = PBXGroup;
			children = (
				63ED11B31CF206CA00E77096 /* WorldTrotter */,
				63ED11B21CF206CA00E77096 /* Products */,
			);
			sourceTree = "<group>";
		};
		63ED11B21CF206CA00E77096 /* Products */ = {
			isa = PBXGroup;
			children = (
				63ED11B11CF206CA00E77096 /* WorldTrotter.app */,
			);
			name = Products;
			sourceTree = "<group>";
		};
		63ED11B31CF206CA00E77096 /* WorldTrotter */ = {
			isa = PBXGroup;
			children = (
				63ED11B41CF206CA00E77096 /* AppDelegate.swift */,
				63ED11B61CF206CA00E77096 /* ViewController.swift */,
				63ED11B81CF206CA00E77096 /* Main.storyboard */,
				63ED11BB1CF206CA00E77096 /* Assets.xcassets */,
				63ED11BD1CF206CA00E77096 /* LaunchScreen.storyboard */,
				63ED11C01CF206CA00E77096 /* Info.plist */,
			);
			path = WorldTrotter;
			sourceTree = "<group>";
		};
/* End PBXGroup section */

/* Begin PBXNativeTarget section */
		63ED11B01CF206CA00E77096 /* WorldTrotter */ = {
			isa = PBXNativeTarget;
			buildConfigurationList = 63ED11C31CF206CA00E77096 /* Build configuration list for PBXNativeTarget "WorldTrotter" */;
			buildPhases = (
				63ED11AD1CF206CA00E77096 /* Sources */,
				63ED11AE1CF206CA00E77096 /* Frameworks */,
				63ED11AF1CF206CA00E77096 /* Resources */,
			);
			buildRules = (
			);
			dependencies = (
			);
			name = WorldTrotter;
			productName = WorldTrotter;
			productReference = 63ED11B11CF206CA00E77096 /* WorldTrotter.app */;
			productType = "com.apple.product-type.application";
		};
/* End PBXNativeTarget section */

/* Begin PBXProject section */
		63ED11A91CF206CA00E77096 /* Project object */ = {
			isa = PBXProject;
			attributes = {
				LastSwiftUpdateCheck = 0730;
				LastUpgradeCheck = 0730;
				ORGANIZATIONNAME = "Big Nerd Ranch";
				TargetAttributes = {
					63ED11B01CF206CA00E77096 = {
						CreatedOnToolsVersion = 7.3;
					};
				};
			};
			buildConfigurationList = 63ED11AC1CF206CA00E77096 /* Build configuration list for PBXProject "WorldTrotter" */;
			compatibilityVersion = "Xcode 3.2";
			developmentRegion = English;
			hasScannedForEncodings = 0;
			knownRegions = (
				en,
				Base,
			);
			mainGroup = 63ED11A81CF206CA00E77096;
			productRefGroup = 63ED11B21CF206CA00E77096 /* Products */;
			projectDirPath = "";
			projectRoot = "";
			targets = (
				63ED11B01CF206CA00E77096 /* WorldTrotter */,
			);
		};
/* End PBXProject section */

/* Begin PBXResourcesBuildPhase section */
		63ED11AF1CF206CA00E77096 /* Resources */ = {
			isa = PBXResourcesBuildPhase;
			buildActionMask = 2147483647;
			files = (
				63ED11BF1CF206CA00E77096 /* LaunchScreen.storyboard in Resources */,
				63ED11BC1CF206CA00E77096 /* Assets.xcassets in Resources */,
				63ED11BA1CF206CA00E77096 /* Main.storyboard in Resources */,
			);
			runOnlyForDeploymentPostprocessing = 0;
		};
/* End PBXResourcesBuildPhase section */

/* Begin PBXSourcesBuildPhase section */
		63ED11AD1CF206CA00E77096 /* Sources */ = {
			isa = PBXSourcesBuildPhase;
			buildActionMask = 2147483647;
			files = (
				63ED11B71CF206CA00E77096 /* ViewController.swift in Sources */,
				63ED11B51CF206CA00E77096 /* AppDelegate.swift in Sources */,
			);
			runOnlyForDeploymentPostprocessing = 0;
		};
/* End PBXSourcesBuildPhase section */

/* Begin PBXVariantGroup section */
		63ED11B81CF206CA00E77096 /* Main.storyboard */ = {
			isa = PBXVariantGroup;
			children = (
				63ED11B91CF206CA00E77096 /* Base */,
			);
			name = Main.storyboard;
			sourceTree = "<group>";
		};
		63ED11BD1CF206CA00E77096 /* LaunchScreen.storyboard */ = {
			isa = PBXVariantGroup;
			children = (
				63ED11BE1CF206CA00E77096 /* Base */,
			);
			name = LaunchScreen.storyboard;
			sourceTree = "<group>";
		};
/* End PBXVariantGroup section */

/* Begin XCBuildConfiguration section */
		63ED11C11CF206CA00E77096 /* Debug */ = {
			isa = XCBuildConfiguration;
			buildSettings = {
				ALWAYS_SEARCH_USER_PATHS = NO;
				CLANG_ANALYZER_NONNULL = YES;
				CLANG_CXX_LANGUAGE_STANDARD = "gnu++0x";
				CLANG_CXX_LIBRARY = "libc++";
				CLANG_ENABLE_MODULES = YES;
				CLANG_ENABLE_OBJC_ARC = YES;
				CLANG_WARN_BOOL_CONVERSION = YES;
				CLANG_WARN_CONSTANT_CONVERSION = YES;
				CLANG_WARN_DIRECT_OBJC_ISA_USAGE = YES_ERROR;
				CLANG_WARN_EMPTY_BODY = YES;
				CLANG_WARN_ENUM_CONVERSION = YES;
				CLANG_WARN_INT_CONVERSION = YES;
				CLANG_WARN_OBJC_ROOT_CLASS = YES_ERROR;
				CLANG_WARN_UNREACHABLE_CODE = YES;
				CLANG_WARN__DUPLICATE_METHOD_MATCH = YES;
				"CODE_SIGN_IDENTITY[sdk=iphoneos*]" = "iPhone Developer";
				COPY_PHASE_STRIP = NO;
				DEBUG_INFORMATION_FORMAT = dwarf;
				ENABLE_STRICT_OBJC_MSGSEND = YES;
				ENABLE_TESTABILITY = YES;
				GCC_C_LANGUAGE_STANDARD = gnu99;
				GCC_DYNAMIC_NO_PIC = NO;
				GCC_NO_COMMON_BLOCKS = YES;
				GCC_OPTIMIZATION_LEVEL = 0;
				GCC_PREPROCESSOR_DEFINITIONS = (
					"DEBUG=1",
					"$(inherited)",
				);
				GCC_WARN_64_TO_32_BIT_CONVERSION = YES;
				GCC_WARN_ABOUT_RETURN_TYPE = YES_ERROR;
				GCC_WARN_UNDECLARED_SELECTOR = YES;
				GCC_WARN_UNINITIALIZED_AUTOS = YES_AGGRESSIVE;
				GCC_WARN_UNUSED_FUNCTION = YES;
				GCC_WARN_UNUSED_VARIABLE = YES;
				IPHONEOS_DEPLOYMENT_TARGET = 9.3;
				MTL_ENABLE_DEBUG_INFO = YES;
				ONLY_ACTIVE_ARCH = YES;
				SDKROOT = iphoneos;
				SWIFT_OPTIMIZATION_LEVEL = "-Onone";
			};
			name = Debug;
		};
		63ED11C21CF206CA00E77096 /* Release */ = {
			isa = XCBuildConfiguration;
			buildSettings = {
				ALWAYS_SEARCH_USER_PATHS = NO;
				CLANG_ANALYZER_NONNULL = YES;
				CLANG_CXX_LANGUAGE_STANDARD = "gnu++0x";
				CLANG_CXX_LIBRARY = "libc++";
				CLANG_ENABLE_MODULES = YES;
				CLANG_ENABLE_OBJC_ARC = YES;
				CLANG_WARN_BOOL_CONVERSION = YES;
				CLANG_WARN_CONSTANT_CONVERSION = YES;
				CLANG_WARN_DIRECT_OBJC_ISA_USAGE = YES_ERROR;
				CLANG_WARN_EMPTY_BODY = YES;
				CLANG_WARN_ENUM_CONVERSION = YES;
				CLANG_WARN_INT_CONVERSION = YES;
				CLANG_WARN_OBJC_ROOT_CLASS = YES_ERROR;
				CLANG_WARN_UNREACHABLE_CODE = YES;
				CLANG_WARN__DUPLICATE_METHOD_MATCH = YES;
				"CODE_SIGN_IDENTITY[sdk=iphoneos*]" = "iPhone Developer";
				COPY_PHASE_STRIP = NO;
				DEBUG_INFORMATION_FORMAT = "dwarf-with-dsym";
				ENABLE_NS_ASSERTIONS = NO;
				ENABLE_STRICT_OBJC_MSGSEND = YES;
				GCC_C_LANGUAGE_STANDARD = gnu99;
				GCC_NO_COMMON_BLOCKS = YES;
				GCC_WARN_64_TO_32_BIT_CONVERSION = YES;
				GCC_WARN_ABOUT_RETURN_TYPE = YES_ERROR;
				GCC_WARN_UNDECLARED_SELECTOR = YES;
				GCC_WARN_UNINITIALIZED_AUTOS = YES_AGGRESSIVE;
				GCC_WARN_UNUSED_FUNCTION = YES;
				GCC_WARN_UNUSED_VARIABLE = YES;
				IPHONEOS_DEPLOYMENT_TARGET = 9.3;
				MTL_ENABLE_DEBUG_INFO = NO;
				SDKROOT = iphoneos;
				VALIDATE_PRODUCT = YES;
			};
			name = Release;
		};
		63ED11C41CF206CA00E77096 /* Debug */ = {
			isa = XCBuildConfiguration;
			buildSettings = {
				ASSETCATALOG_COMPILER_APPICON_NAME = AppIcon;
				INFOPLIST_FILE = WorldTrotter/Info.plist;
				LD_RUNPATH_SEARCH_PATHS = "$(inherited) @executable_path/Frameworks";
				PRODUCT_BUNDLE_IDENTIFIER = com.bignerdranch.WorldTrotter;
				PRODUCT_NAME = "$(TARGET_NAME)";
			};
			name = Debug;
		};
		63ED11C51CF206CA00E77096 /* Release */ = {
			isa = XCBuildConfiguration;
			buildSettings = {
				ASSETCATALOG_COMPILER_APPICON_NAME = AppIcon;
				INFOPLIST_FILE = WorldTrotter/Info.plist;
				LD_RUNPATH_SEARCH_PATHS = "$(inherited) @executable_path/Frameworks";
				PRODUCT_BUNDLE_IDENTIFIER = com.bignerdranch.WorldTrotter;
				PRODUCT_NAME = "$(TARGET_NAME)";
			};
			name = Release;
		};
/* End XCBuildConfiguration section */

/* Begin XCConfigurationList section */
		63ED11AC1CF206CA00E77096 /* Build configuration list for PBXProject "WorldTrotter" */ = {
			isa = XCConfigurationList;
			buildConfigurations = (
				63ED11C11CF206CA00E77096 /* Debug */,
				63ED11C21CF206CA00E77096 /* Release */,
			);
			defaultConfigurationIsVisible = 0;
			defaultConfigurationName = Release;
		};
		63ED11C31CF206CA00E77096 /* Build configuration list for PBXNativeTarget "WorldTrotter" */ = {
			isa = XCConfigurationList;
			buildConfigurations = (
				63ED11C41CF206CA00E77096 /* Debug */,
				63ED11C51CF206CA00E77096 /* Release */,
			);
			defaultConfigurationIsVisible = 0;
		};
/* End XCConfigurationList section */
	};
	rootObject = 63ED11A91CF206CA00E77096 /* Project object */;
}
